{
  "pins" : [
    {
      "identity" : "kingfisher",
      "kind" : "remoteSourceControl",
      "location" : "https://github.com/onevcat/Kingfisher.git",
      "state" : {
        "revision" : "dd3c422ec3088404d6f7e8c905a8318b3de12d6f",
        "version" : "8.6.0"
      }
    },
    {
      "identity" : "sdwebimage",
      "kind" : "remoteSourceControl",
      "location" : "https://github.com/SDWebImage/SDWebImage.git",
      "state" : {
        "revision" : "2053b120767c42a70bcba21095f34e4cfb54a75d",
        "version" : "5.21.3"
      }
    }
  ],
  "version" : 2
}
